
Microsoft Visual Studio Solution File, Format Version 12.00
# Visual Studio Version 17
VisualStudioVersion = 17.14.36705.20 d17.14
MinimumVisualStudioVersion = 10.0.40219.1
Project("{8BC9CEB8-8B4A-11D0-8D11-00A0C91BC942}") = "FreeGlut", "FreeGlut\FreeGlut.vcxproj", "{C94AB799-FB33-4EA3-9742-FFEC16FA2A00}"
EndProject
Global
	GlobalSection(SolutionConfigurationPlatforms) = preSolution
		Debug|x64 = Debug|x64
		Debug|x86 = Debug|x86
		Release|x64 = Release|x64
		Release|x86 = Release|x86
	EndGlobalSection
	GlobalSection(ProjectConfigurationPlatforms) = postSolution
		{C94AB799-FB33-4EA3-9742-FFEC16FA2A00}.Debug|x64.ActiveCfg = Debug|x64
		{C94AB799-FB33-4EA3-9742-FFEC16FA2A00}.Debug|x64.Build.0 = Debug|x64
		{C94AB799-FB33-4EA3-9742-FFEC16FA2A00}.Debug|x86.ActiveCfg = Debug|Win32
		{C94AB799-FB33-4EA3-9742-FFEC16FA2A00}.Debug|x86.Build.0 = Debug|Win32
		{C94AB799-FB33-4EA3-9742-FFEC16FA2A00}.Release|x64.ActiveCfg = Release|x64
		{C94AB799-FB33-4EA3-9742-FFEC16FA2A00}.Release|x64.Build.0 = Release|x64
		{C94AB799-FB33-4EA3-9742-FFEC16FA2A00}.Release|x86.ActiveCfg = Release|Win32
		{C94AB799-FB33-4EA3-9742-FFEC16FA2A00}.Release|x86.Build.0 = Release|Win32
	EndGlobalSection
	GlobalSection(SolutionProperties) = preSolution
		HideSolutionNode = FALSE
	EndGlobalSection
	GlobalSection(ExtensibilityGlobals) = postSolution
		SolutionGuid = {C430F824-DA54-4A0A-8D75-15EB60D5FF80}
	EndGlobalSection
EndGlobal
